
Microsoft Visual Studio Solution File, Format Version 11.00
# Visual C++ Express 2010
Project("{8BC9CEB8-8B4A-11D0-8D11-00A0C91BC942}") = "MyDll5", "MyDll5.vcxproj", "{94205808-453F-4443-85B9-FC77D39807B3}"
EndProject
Global
	GlobalSection(SolutionConfigurationPlatforms) = preSolution
		Debug|Win32 = Debug|Win32
		Release|Win32 = Release|Win32
	EndGlobalSection
	GlobalSection(ProjectConfigurationPlatforms) = postSolution
		{94205808-453F-4443-85B9-FC77D39807B3}.Debug|Win32.ActiveCfg = Debug|Win32
		{94205808-453F-4443-85B9-FC77D39807B3}.Debug|Win32.Build.0 = Debug|Win32
		{94205808-453F-4443-85B9-FC77D39807B3}.Release|Win32.ActiveCfg = Release|Win32
		{94205808-453F-4443-85B9-FC77D39807B3}.Release|Win32.Build.0 = Release|Win32
	EndGlobalSection
	GlobalSection(SolutionProperties) = preSolution
		HideSolutionNode = FALSE
	EndGlobalSection
EndGlobal
