
Microsoft Visual Studio Solution File, Format Version 11.00
# Visual C++ Express 2010
Project("{8BC9CEB8-8B4A-11D0-8D11-00A0C91BC942}") = "MyDll", "MyDll.vcxproj", "{E016E73D-E808-4640-B53E-2F587E02B299}"
EndProject
Global
	GlobalSection(SolutionConfigurationPlatforms) = preSolution
		Debug|Win32 = Debug|Win32
		Release|Win32 = Release|Win32
	EndGlobalSection
	GlobalSection(ProjectConfigurationPlatforms) = postSolution
		{E016E73D-E808-4640-B53E-2F587E02B299}.Debug|Win32.ActiveCfg = Debug|Win32
		{E016E73D-E808-4640-B53E-2F587E02B299}.Debug|Win32.Build.0 = Debug|Win32
		{E016E73D-E808-4640-B53E-2F587E02B299}.Release|Win32.ActiveCfg = Release|Win32
		{E016E73D-E808-4640-B53E-2F587E02B299}.Release|Win32.Build.0 = Release|Win32
	EndGlobalSection
	GlobalSection(SolutionProperties) = preSolution
		HideSolutionNode = FALSE
	EndGlobalSection
EndGlobal
